
Microsoft Visual Studio Solution File, Format Version 12.00
# Visual Studio Version 16
VisualStudioVersion = 16.0.29806.167
MinimumVisualStudioVersion = 10.0.40219.1
Project("{FAE04EC0-301F-11D3-BF4B-00C04F79EFBC}") = "FavoritePizzaToppings", "FavoritePizzaToppings\FavoritePizzaToppings.csproj", "{5183C2FA-8215-4428-91F2-22472AB8BF18}"
EndProject
Global
	GlobalSection(SolutionConfigurationPlatforms) = preSolution
		Debug|Any CPU = Debug|Any CPU
		Release|Any CPU = Release|Any CPU
	EndGlobalSection
	GlobalSection(ProjectConfigurationPlatforms) = postSolution
		{5183C2FA-8215-4428-91F2-22472AB8BF18}.Debug|Any CPU.ActiveCfg = Debug|Any CPU
		{5183C2FA-8215-4428-91F2-22472AB8BF18}.Debug|Any CPU.Build.0 = Debug|Any CPU
		{5183C2FA-8215-4428-91F2-22472AB8BF18}.Release|Any CPU.ActiveCfg = Release|Any CPU
		{5183C2FA-8215-4428-91F2-22472AB8BF18}.Release|Any CPU.Build.0 = Release|Any CPU
	EndGlobalSection
	GlobalSection(SolutionProperties) = preSolution
		HideSolutionNode = FALSE
	EndGlobalSection
	GlobalSection(ExtensibilityGlobals) = postSolution
		SolutionGuid = {4D6FCE18-501A-432D-8B45-FD43CC48D42F}
	EndGlobalSection
EndGlobal
